
Microsoft Visual Studio Solution File, Format Version 12.00
# Visual Studio Version 17
VisualStudioVersion = 17.14.36518.9 d17.14
MinimumVisualStudioVersion = 10.0.40219.1
Project("{FAE04EC0-301F-11D3-BF4B-00C04F79EFBC}") = "AdminHelper", "AdminHelper.csproj", "{7D8AE9EE-256B-44CC-B7D4-12BDE7FA17CF}"
EndProject
Global
	GlobalSection(SolutionConfigurationPlatforms) = preSolution
		Debug|Any CPU = Debug|Any CPU
		Release|Any CPU = Release|Any CPU
	EndGlobalSection
	GlobalSection(ProjectConfigurationPlatforms) = postSolution
		{7D8AE9EE-256B-44CC-B7D4-12BDE7FA17CF}.Debug|Any CPU.ActiveCfg = Debug|Any CPU
		{7D8AE9EE-256B-44CC-B7D4-12BDE7FA17CF}.Debug|Any CPU.Build.0 = Debug|Any CPU
		{7D8AE9EE-256B-44CC-B7D4-12BDE7FA17CF}.Release|Any CPU.ActiveCfg = Release|Any CPU
		{7D8AE9EE-256B-44CC-B7D4-12BDE7FA17CF}.Release|Any CPU.Build.0 = Release|Any CPU
	EndGlobalSection
	GlobalSection(SolutionProperties) = preSolution
		HideSolutionNode = FALSE
	EndGlobalSection
	GlobalSection(ExtensibilityGlobals) = postSolution
		SolutionGuid = {ABC11592-7C6F-481F-8EA6-7C4772CA2460}
	EndGlobalSection
EndGlobal
